// !$*UTF8*$!
{
	archiveVersion = 1;
	classes = {
	};
	objectVersion = 46;
	objects = {

/* Begin PBXBuildFile section */
		5D70BDFD55C9FBE83A42E3E3 /* Pods_ColorIdentification.framework in Frameworks */ = {isa = PBXBuildFile; fileRef = FE62C53389E5EF3A1749F037 /* Pods_ColorIdentification.framework */; };
		84E986042077EE77005C50E0 /* ImageViewController.swift in Sources */ = {isa = PBXBuildFile; fileRef = 84E986032077EE77005C50E0 /* ImageViewController.swift */; };
		84E986062077F375005C50E0 /* Image.swift in Sources */ = {isa = PBXBuildFile; fileRef = 84E986052077F375005C50E0 /* Image.swift */; };
		84E986082077F653005C50E0 /* Color.swift in Sources */ = {isa = PBXBuildFile; fileRef = 84E986072077F653005C50E0 /* Color.swift */; };
		84E9860C2077F8FB005C50E0 /* ImageCollectionViewCell.swift in Sources */ = {isa = PBXBuildFile; fileRef = 84E9860B2077F8FB005C50E0 /* ImageCollectionViewCell.swift */; };
		84E9860E2077F90B005C50E0 /* ColorCollectionViewCell.swift in Sources */ = {isa = PBXBuildFile; fileRef = 84E9860D2077F90B005C50E0 /* ColorCollectionViewCell.swift */; };
		84F9F49D2077D2A000F6F2BE /* AppDelegate.swift in Sources */ = {isa = PBXBuildFile; fileRef = 84F9F49C2077D2A000F6F2BE /* AppDelegate.swift */; };
		84F9F49F2077D2A000F6F2BE /* HomeViewController.swift in Sources */ = {isa = PBXBuildFile; fileRef = 84F9F49E2077D2A000F6F2BE /* HomeViewController.swift */; };
		84F9F4A42077D2A000F6F2BE /* Assets.xcassets in Resources */ = {isa = PBXBuildFile; fileRef = 84F9F4A32077D2A000F6F2BE /* Assets.xcassets */; };
		84F9F4A72077D2A000F6F2BE /* LaunchScreen.storyboard in Resources */ = {isa = PBXBuildFile; fileRef = 84F9F4A52077D2A000F6F2BE /* LaunchScreen.storyboard */; };
		84F9F4AF2077DAFF00F6F2BE /* ImageCell.xib in Resources */ = {isa = PBXBuildFile; fileRef = 84F9F4AE2077DAFF00F6F2BE /* ImageCell.xib */; };
		84F9F4B22077DB4D00F6F2BE /* Main.storyboard in Resources */ = {isa = PBXBuildFile; fileRef = 84F9F4B02077DB4D00F6F2BE /* Main.storyboard */; };
		84F9F4B42077DEA000F6F2BE /* ColorCell.xib in Resources */ = {isa = PBXBuildFile; fileRef = 84F9F4B32077DEA000F6F2BE /* ColorCell.xib */; };
/* End PBXBuildFile section */

/* Begin PBXFileReference section */
		84E986032077EE77005C50E0 /* ImageViewController.swift */ = {isa = PBXFileReference; fileEncoding = 4; lastKnownFileType = sourcecode.swift; path = ImageViewController.swift; sourceTree = "<group>"; };
		84E986052077F375005C50E0 /* Image.swift */ = {isa = PBXFileReference; fileEncoding = 4; lastKnownFileType = sourcecode.swift; path = Image.swift; sourceTree = "<group>"; };
		84E986072077F653005C50E0 /* Color.swift */ = {isa = PBXFileReference; fileEncoding = 4; lastKnownFileType = sourcecode.swift; path = Color.swift; sourceTree = "<group>"; };
		84E9860B2077F8FB005C50E0 /* ImageCollectionViewCell.swift */ = {isa = PBXFileReference; fileEncoding = 4; lastKnownFileType = sourcecode.swift; path = ImageCollectionViewCell.swift; sourceTree = "<group>"; };
		84E9860D2077F90B005C50E0 /* ColorCollectionViewCell.swift */ = {isa = PBXFileReference; fileEncoding = 4; lastKnownFileType = sourcecode.swift; path = ColorCollectionViewCell.swift; sourceTree = "<group>"; };
		84F9F4992077D2A000F6F2BE /* ColorIdentification.app */ = {isa = PBXFileReference; explicitFileType = wrapper.application; includeInIndex = 0; path = ColorIdentification.app; sourceTree = BUILT_PRODUCTS_DIR; };
		84F9F49C2077D2A000F6F2BE /* AppDelegate.swift */ = {isa = PBXFileReference; lastKnownFileType = sourcecode.swift; path = AppDelegate.swift; sourceTree = "<group>"; };
		84F9F49E2077D2A000F6F2BE /* HomeViewController.swift */ = {isa = PBXFileReference; lastKnownFileType = sourcecode.swift; path = HomeViewController.swift; sourceTree = "<group>"; };
		84F9F4A32077D2A000F6F2BE /* Assets.xcassets */ = {isa = PBXFileReference; lastKnownFileType = folder.assetcatalog; path = Assets.xcassets; sourceTree = "<group>"; };
		84F9F4A62077D2A000F6F2BE /* Base */ = {isa = PBXFileReference; lastKnownFileType = file.storyboard; name = Base; path = Base.lproj/LaunchScreen.storyboard; sourceTree = "<group>"; };
		84F9F4A82077D2A000F6F2BE /* Info.plist */ = {isa = PBXFileReference; lastKnownFileType = text.plist.xml; path = Info.plist; sourceTree = "<group>"; };
		84F9F4AE2077DAFF00F6F2BE /* ImageCell.xib */ = {isa = PBXFileReference; fileEncoding = 4; lastKnownFileType = file.xib; path = ImageCell.xib; sourceTree = "<group>"; };
		84F9F4B12077DB4D00F6F2BE /* Base */ = {isa = PBXFileReference; lastKnownFileType = file.storyboard; name = Base; path = Base.lproj/Main.storyboard; sourceTree = "<group>"; };
		84F9F4B32077DEA000F6F2BE /* ColorCell.xib */ = {isa = PBXFileReference; fileEncoding = 4; lastKnownFileType = file.xib; path = ColorCell.xib; sourceTree = "<group>"; };
		FB1E7086A696AA9E73999005 /* Pods-ColorIdentification.release.xcconfig */ = {isa = PBXFileReference; includeInIndex = 1; lastKnownFileType = text.xcconfig; name = "Pods-ColorIdentification.release.xcconfig"; path = "Pods/Target Support Files/Pods-ColorIdentification/Pods-ColorIdentification.release.xcconfig"; sourceTree = "<group>"; };
		FE62C53389E5EF3A1749F037 /* Pods_ColorIdentification.framework */ = {isa = PBXFileReference; explicitFileType = wrapper.framework; includeInIndex = 0; path = Pods_ColorIdentification.framework; sourceTree = BUILT_PRODUCTS_DIR; };
		FF956B7CAE9AA8539755A3D0 /* Pods-ColorIdentification.debug.xcconfig */ = {isa = PBXFileReference; includeInIndex = 1; lastKnownFileType = text.xcconfig; name = "Pods-ColorIdentification.debug.xcconfig"; path = "Pods/Target Support Files/Pods-ColorIdentification/Pods-ColorIdentification.debug.xcconfig"; sourceTree = "<group>"; };
/* End PBXFileReference section */

/* Begin PBXFrameworksBuildPhase section */
		84F9F4962077D29F00F6F2BE /* Frameworks */ = {
			isa = PBXFrameworksBuildPhase;
			buildActionMask = 2147483647;
			files = (
				5D70BDFD55C9FBE83A42E3E3 /* Pods_ColorIdentification.framework in Frameworks */,
			);
			runOnlyForDeploymentPostprocessing = 0;
		};
/* End PBXFrameworksBuildPhase section */

/* Begin PBXGroup section */
		4545DF78FF57F8AB86F10561 /* Pods */ = {
			isa = PBXGroup;
			children = (
				FF956B7CAE9AA8539755A3D0 /* Pods-ColorIdentification.debug.xcconfig */,
				FB1E7086A696AA9E73999005 /* Pods-ColorIdentification.release.xcconfig */,
			);
			name = Pods;
			sourceTree = "<group>";
		};
		80E8E50F85B93D12AAC37F3C /* Frameworks */ = {
			isa = PBXGroup;
			children = (
				FE62C53389E5EF3A1749F037 /* Pods_ColorIdentification.framework */,
			);
			name = Frameworks;
			sourceTree = "<group>";
		};
		84E986002077ED15005C50E0 /* Views */ = {
			isa = PBXGroup;
			children = (
				84F9F4B32077DEA000F6F2BE /* ColorCell.xib */,
				84F9F4AE2077DAFF00F6F2BE /* ImageCell.xib */,
				84F9F4B02077DB4D00F6F2BE /* Main.storyboard */,
				84E9860B2077F8FB005C50E0 /* ImageCollectionViewCell.swift */,
				84E9860D2077F90B005C50E0 /* ColorCollectionViewCell.swift */,
			);
			name = Views;
			sourceTree = "<group>";
		};
		84E986012077ED2E005C50E0 /* Controllers */ = {
			isa = PBXGroup;
			children = (
				84F9F49E2077D2A000F6F2BE /* HomeViewController.swift */,
				84E986032077EE77005C50E0 /* ImageViewController.swift */,
			);
			name = Controllers;
			sourceTree = "<group>";
		};
		84E986022077ED3F005C50E0 /* Models */ = {
			isa = PBXGroup;
			children = (
				84E986052077F375005C50E0 /* Image.swift */,
				84E986072077F653005C50E0 /* Color.swift */,
			);
			name = Models;
			sourceTree = "<group>";
		};
		84F9F4902077D29F00F6F2BE = {
			isa = PBXGroup;
			children = (
				84F9F49B2077D2A000F6F2BE /* ColorIdentification */,
				84F9F49A2077D2A000F6F2BE /* Products */,
				4545DF78FF57F8AB86F10561 /* Pods */,
				80E8E50F85B93D12AAC37F3C /* Frameworks */,
			);
			sourceTree = "<group>";
		};
		84F9F49A2077D2A000F6F2BE /* Products */ = {
			isa = PBXGroup;
			children = (
				84F9F4992077D2A000F6F2BE /* ColorIdentification.app */,
			);
			name = Products;
			sourceTree = "<group>";
		};
		84F9F49B2077D2A000F6F2BE /* ColorIdentification */ = {
			isa = PBXGroup;
			children = (
				84E986022077ED3F005C50E0 /* Models */,
				84E986012077ED2E005C50E0 /* Controllers */,
				84E986002077ED15005C50E0 /* Views */,
				84F9F49C2077D2A000F6F2BE /* AppDelegate.swift */,
				84F9F4A32077D2A000F6F2BE /* Assets.xcassets */,
				84F9F4A52077D2A000F6F2BE /* LaunchScreen.storyboard */,
				84F9F4A82077D2A000F6F2BE /* Info.plist */,
			);
			path = ColorIdentification;
			sourceTree = "<group>";
		};
/* End PBXGroup section */

/* Begin PBXNativeTarget section */
		84F9F4982077D29F00F6F2BE /* ColorIdentification */ = {
			isa = PBXNativeTarget;
			buildConfigurationList = 84F9F4AB2077D2A000F6F2BE /* Build configuration list for PBXNativeTarget "ColorIdentification" */;
			buildPhases = (
				3C9A8324D3E685B4E46FEA1D /* [CP] Check Pods Manifest.lock */,
				84F9F4952077D29F00F6F2BE /* Sources */,
				84F9F4962077D29F00F6F2BE /* Frameworks */,
				84F9F4972077D29F00F6F2BE /* Resources */,
				E8EB61E4FE2655CCAAF014CB /* [CP] Embed Pods Frameworks */,
				1E9D4FF108EFF997364D3873 /* [CP] Copy Pods Resources */,
			);
			buildRules = (
			);
			dependencies = (
			);
			name = ColorIdentification;
			productName = ColorIdentification;
			productReference = 84F9F4992077D2A000F6F2BE /* ColorIdentification.app */;
			productType = "com.apple.product-type.application";
		};
/* End PBXNativeTarget section */

/* Begin PBXProject section */
		84F9F4912077D29F00F6F2BE /* Project object */ = {
			isa = PBXProject;
			attributes = {
				LastSwiftUpdateCheck = 0820;
				LastUpgradeCheck = 0820;
				ORGANIZATIONNAME = Naresh;
				TargetAttributes = {
					84F9F4982077D29F00F6F2BE = {
						CreatedOnToolsVersion = 8.2.1;
						ProvisioningStyle = Manual;
					};
				};
			};
			buildConfigurationList = 84F9F4942077D29F00F6F2BE /* Build configuration list for PBXProject "ColorIdentification" */;
			compatibilityVersion = "Xcode 3.2";
			developmentRegion = English;
			hasScannedForEncodings = 0;
			knownRegions = (
				en,
				Base,
			);
			mainGroup = 84F9F4902077D29F00F6F2BE;
			productRefGroup = 84F9F49A2077D2A000F6F2BE /* Products */;
			projectDirPath = "";
			projectRoot = "";
			targets = (
				84F9F4982077D29F00F6F2BE /* ColorIdentification */,
			);
		};
/* End PBXProject section */

/* Begin PBXResourcesBuildPhase section */
		84F9F4972077D29F00F6F2BE /* Resources */ = {
			isa = PBXResourcesBuildPhase;
			buildActionMask = 2147483647;
			files = (
				84F9F4A72077D2A000F6F2BE /* LaunchScreen.storyboard in Resources */,
				84F9F4AF2077DAFF00F6F2BE /* ImageCell.xib in Resources */,
				84F9F4A42077D2A000F6F2BE /* Assets.xcassets in Resources */,
				84F9F4B42077DEA000F6F2BE /* ColorCell.xib in Resources */,
				84F9F4B22077DB4D00F6F2BE /* Main.storyboard in Resources */,
			);
			runOnlyForDeploymentPostprocessing = 0;
		};
/* End PBXResourcesBuildPhase section */

/* Begin PBXShellScriptBuildPhase section */
		1E9D4FF108EFF997364D3873 /* [CP] Copy Pods Resources */ = {
			isa = PBXShellScriptBuildPhase;
			buildActionMask = 2147483647;
			files = (
			);
			inputPaths = (
			);
			name = "[CP] Copy Pods Resources";
			outputPaths = (
			);
			runOnlyForDeploymentPostprocessing = 0;
			shellPath = /bin/sh;
			shellScript = "\"${SRCROOT}/Pods/Target Support Files/Pods-ColorIdentification/Pods-ColorIdentification-resources.sh\"\n";
			showEnvVarsInLog = 0;
		};
		3C9A8324D3E685B4E46FEA1D /* [CP] Check Pods Manifest.lock */ = {
			isa = PBXShellScriptBuildPhase;
			buildActionMask = 2147483647;
			files = (
			);
			inputPaths = (
			);
			name = "[CP] Check Pods Manifest.lock";
			outputPaths = (
			);
			runOnlyForDeploymentPostprocessing = 0;
			shellPath = /bin/sh;
			shellScript = "diff \"${PODS_ROOT}/../Podfile.lock\" \"${PODS_ROOT}/Manifest.lock\" > /dev/null\nif [ $? != 0 ] ; then\n    # print error to STDERR\n    echo \"error: The sandbox is not in sync with the Podfile.lock. Run 'pod install' or update your CocoaPods installation.\" >&2\n    exit 1\nfi\n";
			showEnvVarsInLog = 0;
		};
		E8EB61E4FE2655CCAAF014CB /* [CP] Embed Pods Frameworks */ = {
			isa = PBXShellScriptBuildPhase;
			buildActionMask = 2147483647;
			files = (
			);
			inputPaths = (
			);
			name = "[CP] Embed Pods Frameworks";
			outputPaths = (
			);
			runOnlyForDeploymentPostprocessing = 0;
			shellPath = /bin/sh;
			shellScript = "\"${SRCROOT}/Pods/Target Support Files/Pods-ColorIdentification/Pods-ColorIdentification-frameworks.sh\"\n";
			showEnvVarsInLog = 0;
		};
/* End PBXShellScriptBuildPhase section */

/* Begin PBXSourcesBuildPhase section */
		84F9F4952077D29F00F6F2BE /* Sources */ = {
			isa = PBXSourcesBuildPhase;
			buildActionMask = 2147483647;
			files = (
				84F9F49F2077D2A000F6F2BE /* HomeViewController.swift in Sources */,
				84E986062077F375005C50E0 /* Image.swift in Sources */,
				84E986042077EE77005C50E0 /* ImageViewController.swift in Sources */,
				84E9860C2077F8FB005C50E0 /* ImageCollectionViewCell.swift in Sources */,
				84E986082077F653005C50E0 /* Color.swift in Sources */,
				84F9F49D2077D2A000F6F2BE /* AppDelegate.swift in Sources */,
				84E9860E2077F90B005C50E0 /* ColorCollectionViewCell.swift in Sources */,
			);
			runOnlyForDeploymentPostprocessing = 0;
		};
/* End PBXSourcesBuildPhase section */

/* Begin PBXVariantGroup section */
		84F9F4A52077D2A000F6F2BE /* LaunchScreen.storyboard */ = {
			isa = PBXVariantGroup;
			children = (
				84F9F4A62077D2A000F6F2BE /* Base */,
			);
			name = LaunchScreen.storyboard;
			sourceTree = "<group>";
		};
		84F9F4B02077DB4D00F6F2BE /* Main.storyboard */ = {
			isa = PBXVariantGroup;
			children = (
				84F9F4B12077DB4D00F6F2BE /* Base */,
			);
			name = Main.storyboard;
			sourceTree = "<group>";
		};
/* End PBXVariantGroup section */

/* Begin XCBuildConfiguration section */
		84F9F4A92077D2A000F6F2BE /* Debug */ = {
			isa = XCBuildConfiguration;
			buildSettings = {
				ALWAYS_SEARCH_USER_PATHS = NO;
				CLANG_ANALYZER_NONNULL = YES;
				CLANG_CXX_LANGUAGE_STANDARD = "gnu++0x";
				CLANG_CXX_LIBRARY = "libc++";
				CLANG_ENABLE_MODULES = YES;
				CLANG_ENABLE_OBJC_ARC = YES;
				CLANG_WARN_BOOL_CONVERSION = YES;
				CLANG_WARN_CONSTANT_CONVERSION = YES;
				CLANG_WARN_DIRECT_OBJC_ISA_USAGE = YES_ERROR;
				CLANG_WARN_DOCUMENTATION_COMMENTS = YES;
				CLANG_WARN_EMPTY_BODY = YES;
				CLANG_WARN_ENUM_CONVERSION = YES;
				CLANG_WARN_INFINITE_RECURSION = YES;
				CLANG_WARN_INT_CONVERSION = YES;
				CLANG_WARN_OBJC_ROOT_CLASS = YES_ERROR;
				CLANG_WARN_SUSPICIOUS_MOVE = YES;
				CLANG_WARN_UNREACHABLE_CODE = YES;
				CLANG_WARN__DUPLICATE_METHOD_MATCH = YES;
				"CODE_SIGN_IDENTITY[sdk=iphoneos*]" = "iPhone Developer";
				COPY_PHASE_STRIP = NO;
				DEBUG_INFORMATION_FORMAT = dwarf;
				ENABLE_STRICT_OBJC_MSGSEND = YES;
				ENABLE_TESTABILITY = YES;
				GCC_C_LANGUAGE_STANDARD = gnu99;
				GCC_DYNAMIC_NO_PIC = NO;
				GCC_NO_COMMON_BLOCKS = YES;
				GCC_OPTIMIZATION_LEVEL = 0;
				GCC_PREPROCESSOR_DEFINITIONS = (
					"DEBUG=1",
					"$(inherited)",
				);
				GCC_WARN_64_TO_32_BIT_CONVERSION = YES;
				GCC_WARN_ABOUT_RETURN_TYPE = YES_ERROR;
				GCC_WARN_UNDECLARED_SELECTOR = YES;
				GCC_WARN_UNINITIALIZED_AUTOS = YES_AGGRESSIVE;
				GCC_WARN_UNUSED_FUNCTION = YES;
				GCC_WARN_UNUSED_VARIABLE = YES;
				IPHONEOS_DEPLOYMENT_TARGET = 10.2;
				MTL_ENABLE_DEBUG_INFO = YES;
				ONLY_ACTIVE_ARCH = YES;
				SDKROOT = iphoneos;
				SWIFT_ACTIVE_COMPILATION_CONDITIONS = DEBUG;
				SWIFT_OPTIMIZATION_LEVEL = "-Onone";
				TARGETED_DEVICE_FAMILY = "1,2";
			};
			name = Debug;
		};
		84F9F4AA2077D2A000F6F2BE /* Release */ = {
			isa = XCBuildConfiguration;
			buildSettings = {
				ALWAYS_SEARCH_USER_PATHS = NO;
				CLANG_ANALYZER_NONNULL = YES;
				CLANG_CXX_LANGUAGE_STANDARD = "gnu++0x";
				CLANG_CXX_LIBRARY = "libc++";
				CLANG_ENABLE_MODULES = YES;
				CLANG_ENABLE_OBJC_ARC = YES;
				CLANG_WARN_BOOL_CONVERSION = YES;
				CLANG_WARN_CONSTANT_CONVERSION = YES;
				CLANG_WARN_DIRECT_OBJC_ISA_USAGE = YES_ERROR;
				CLANG_WARN_DOCUMENTATION_COMMENTS = YES;
				CLANG_WARN_EMPTY_BODY = YES;
				CLANG_WARN_ENUM_CONVERSION = YES;
				CLANG_WARN_INFINITE_RECURSION = YES;
				CLANG_WARN_INT_CONVERSION = YES;
				CLANG_WARN_OBJC_ROOT_CLASS = YES_ERROR;
				CLANG_WARN_SUSPICIOUS_MOVE = YES;
				CLANG_WARN_UNREACHABLE_CODE = YES;
				CLANG_WARN__DUPLICATE_METHOD_MATCH = YES;
				"CODE_SIGN_IDENTITY[sdk=iphoneos*]" = "iPhone Developer";
				COPY_PHASE_STRIP = NO;
				DEBUG_INFORMATION_FORMAT = "dwarf-with-dsym";
				ENABLE_NS_ASSERTIONS = NO;
				ENABLE_STRICT_OBJC_MSGSEND = YES;
				GCC_C_LANGUAGE_STANDARD = gnu99;
				GCC_NO_COMMON_BLOCKS = YES;
				GCC_WARN_64_TO_32_BIT_CONVERSION = YES;
				GCC_WARN_ABOUT_RETURN_TYPE = YES_ERROR;
				GCC_WARN_UNDECLARED_SELECTOR = YES;
				GCC_WARN_UNINITIALIZED_AUTOS = YES_AGGRESSIVE;
				GCC_WARN_UNUSED_FUNCTION = YES;
				GCC_WARN_UNUSED_VARIABLE = YES;
				IPHONEOS_DEPLOYMENT_TARGET = 10.2;
				MTL_ENABLE_DEBUG_INFO = NO;
				SDKROOT = iphoneos;
				SWIFT_OPTIMIZATION_LEVEL = "-Owholemodule";
				TARGETED_DEVICE_FAMILY = "1,2";
				VALIDATE_PRODUCT = YES;
			};
			name = Release;
		};
		84F9F4AC2077D2A000F6F2BE /* Debug */ = {
			isa = XCBuildConfiguration;
			baseConfigurationReference = FF956B7CAE9AA8539755A3D0 /* Pods-ColorIdentification.debug.xcconfig */;
			buildSettings = {
				ASSETCATALOG_COMPILER_APPICON_NAME = AppIcon;
				DEVELOPMENT_TEAM = "";
				INFOPLIST_FILE = ColorIdentification/Info.plist;
				IPHONEOS_DEPLOYMENT_TARGET = 8.0;
				LD_RUNPATH_SEARCH_PATHS = "$(inherited) @executable_path/Frameworks";
				PRODUCT_BUNDLE_IDENTIFIER = com.naresh.ColorIdentification;
				PRODUCT_NAME = "$(TARGET_NAME)";
				SWIFT_VERSION = 3.0;
			};
			name = Debug;
		};
		84F9F4AD2077D2A000F6F2BE /* Release */ = {
			isa = XCBuildConfiguration;
			baseConfigurationReference = FB1E7086A696AA9E73999005 /* Pods-ColorIdentification.release.xcconfig */;
			buildSettings = {
				ASSETCATALOG_COMPILER_APPICON_NAME = AppIcon;
				DEVELOPMENT_TEAM = "";
				INFOPLIST_FILE = ColorIdentification/Info.plist;
				IPHONEOS_DEPLOYMENT_TARGET = 8.0;
				LD_RUNPATH_SEARCH_PATHS = "$(inherited) @executable_path/Frameworks";
				PRODUCT_BUNDLE_IDENTIFIER = com.naresh.ColorIdentification;
				PRODUCT_NAME = "$(TARGET_NAME)";
				SWIFT_VERSION = 3.0;
			};
			name = Release;
		};
/* End XCBuildConfiguration section */

/* Begin XCConfigurationList section */
		84F9F4942077D29F00F6F2BE /* Build configuration list for PBXProject "ColorIdentification" */ = {
			isa = XCConfigurationList;
			buildConfigurations = (
				84F9F4A92077D2A000F6F2BE /* Debug */,
				84F9F4AA2077D2A000F6F2BE /* Release */,
			);
			defaultConfigurationIsVisible = 0;
			defaultConfigurationName = Release;
		};
		84F9F4AB2077D2A000F6F2BE /* Build configuration list for PBXNativeTarget "ColorIdentification" */ = {
			isa = XCConfigurationList;
			buildConfigurations = (
				84F9F4AC2077D2A000F6F2BE /* Debug */,
				84F9F4AD2077D2A000F6F2BE /* Release */,
			);
			defaultConfigurationIsVisible = 0;
			defaultConfigurationName = Release;
		};
/* End XCConfigurationList section */
	};
	rootObject = 84F9F4912077D29F00F6F2BE /* Project object */;
}
